// !$*UTF8*$!
{
	archiveVersion = 1;
	classes = {
	};
	objectVersion = 50;
	objects = {

/* Begin PBXBuildFile section */
		739DD53E258C770F0057A867 /* AsyncOperator.h in Headers */ = {isa = PBXBuildFile; fileRef = 739DD53C258C770F0057A867 /* AsyncOperator.h */; settings = {ATTRIBUTES = (Public, ); }; };
		739DD545258C77210057A867 /* AwaitOperationQueue.swift in Sources */ = {isa = PBXBuildFile; fileRef = 739DD544258C77210057A867 /* AwaitOperationQueue.swift */; };
		739DD55F258C80050057A867 /* AppDelegate.swift in Sources */ = {isa = PBXBuildFile; fileRef = 739DD55E258C80050057A867 /* AppDelegate.swift */; };
		739DD561258C80050057A867 /* SceneDelegate.swift in Sources */ = {isa = PBXBuildFile; fileRef = 739DD560258C80050057A867 /* SceneDelegate.swift */; };
		739DD563258C80050057A867 /* ViewController.swift in Sources */ = {isa = PBXBuildFile; fileRef = 739DD562258C80050057A867 /* ViewController.swift */; };
		739DD566258C80050057A867 /* Main.storyboard in Resources */ = {isa = PBXBuildFile; fileRef = 739DD564258C80050057A867 /* Main.storyboard */; };
		739DD568258C80060057A867 /* Assets.xcassets in Resources */ = {isa = PBXBuildFile; fileRef = 739DD567258C80060057A867 /* Assets.xcassets */; };
		739DD56B258C80060057A867 /* LaunchScreen.storyboard in Resources */ = {isa = PBXBuildFile; fileRef = 739DD569258C80060057A867 /* LaunchScreen.storyboard */; };
		739DD571258C981F0057A867 /* AsyncOperator.framework in Frameworks */ = {isa = PBXBuildFile; fileRef = 739DD539258C770F0057A867 /* AsyncOperator.framework */; };
		739DD572258C981F0057A867 /* AsyncOperator.framework in Embed Frameworks */ = {isa = PBXBuildFile; fileRef = 739DD539258C770F0057A867 /* AsyncOperator.framework */; settings = {ATTRIBUTES = (CodeSignOnCopy, RemoveHeadersOnCopy, ); }; };
/* End PBXBuildFile section */

/* Begin PBXCopyFilesBuildPhase section */
		739DD573258C981F0057A867 /* Embed Frameworks */ = {
			isa = PBXCopyFilesBuildPhase;
			buildActionMask = 2147483647;
			dstPath = "";
			dstSubfolderSpec = 10;
			files = (
				739DD572258C981F0057A867 /* AsyncOperator.framework in Embed Frameworks */,
			);
			name = "Embed Frameworks";
			runOnlyForDeploymentPostprocessing = 0;
		};
/* End PBXCopyFilesBuildPhase section */

/* Begin PBXFileReference section */
		739DD539258C770F0057A867 /* AsyncOperator.framework */ = {isa = PBXFileReference; explicitFileType = wrapper.framework; includeInIndex = 0; path = AsyncOperator.framework; sourceTree = BUILT_PRODUCTS_DIR; };
		739DD53C258C770F0057A867 /* AsyncOperator.h */ = {isa = PBXFileReference; lastKnownFileType = sourcecode.c.h; path = AsyncOperator.h; sourceTree = "<group>"; };
		739DD53D258C770F0057A867 /* Info.plist */ = {isa = PBXFileReference; lastKnownFileType = text.plist.xml; path = Info.plist; sourceTree = "<group>"; };
		739DD544258C77210057A867 /* AwaitOperationQueue.swift */ = {isa = PBXFileReference; lastKnownFileType = sourcecode.swift; path = AwaitOperationQueue.swift; sourceTree = "<group>"; };
		739DD55C258C80040057A867 /* Example.app */ = {isa = PBXFileReference; explicitFileType = wrapper.application; includeInIndex = 0; path = Example.app; sourceTree = BUILT_PRODUCTS_DIR; };
		739DD55E258C80050057A867 /* AppDelegate.swift */ = {isa = PBXFileReference; lastKnownFileType = sourcecode.swift; path = AppDelegate.swift; sourceTree = "<group>"; };
		739DD560258C80050057A867 /* SceneDelegate.swift */ = {isa = PBXFileReference; lastKnownFileType = sourcecode.swift; path = SceneDelegate.swift; sourceTree = "<group>"; };
		739DD562258C80050057A867 /* ViewController.swift */ = {isa = PBXFileReference; lastKnownFileType = sourcecode.swift; path = ViewController.swift; sourceTree = "<group>"; };
		739DD565258C80050057A867 /* Base */ = {isa = PBXFileReference; lastKnownFileType = file.storyboard; name = Base; path = Base.lproj/Main.storyboard; sourceTree = "<group>"; };
		739DD567258C80060057A867 /* Assets.xcassets */ = {isa = PBXFileReference; lastKnownFileType = folder.assetcatalog; path = Assets.xcassets; sourceTree = "<group>"; };
		739DD56A258C80060057A867 /* Base */ = {isa = PBXFileReference; lastKnownFileType = file.storyboard; name = Base; path = Base.lproj/LaunchScreen.storyboard; sourceTree = "<group>"; };
		739DD56C258C80060057A867 /* Info.plist */ = {isa = PBXFileReference; lastKnownFileType = text.plist.xml; path = Info.plist; sourceTree = "<group>"; };
/* End PBXFileReference section */

/* Begin PBXFrameworksBuildPhase section */
		739DD536258C770F0057A867 /* Frameworks */ = {
			isa = PBXFrameworksBuildPhase;
			buildActionMask = 2147483647;
			files = (
			);
			runOnlyForDeploymentPostprocessing = 0;
		};
		739DD559258C80040057A867 /* Frameworks */ = {
			isa = PBXFrameworksBuildPhase;
			buildActionMask = 2147483647;
			files = (
				739DD571258C981F0057A867 /* AsyncOperator.framework in Frameworks */,
			);
			runOnlyForDeploymentPostprocessing = 0;
		};
/* End PBXFrameworksBuildPhase section */

/* Begin PBXGroup section */
		739DD52F258C770F0057A867 = {
			isa = PBXGroup;
			children = (
				739DD53B258C770F0057A867 /* AsyncOperator */,
				739DD55D258C80050057A867 /* Example */,
				739DD53A258C770F0057A867 /* Products */,
				739DD551258C7F2B0057A867 /* Frameworks */,
			);
			sourceTree = "<group>";
		};
		739DD53A258C770F0057A867 /* Products */ = {
			isa = PBXGroup;
			children = (
				739DD539258C770F0057A867 /* AsyncOperator.framework */,
				739DD55C258C80040057A867 /* Example.app */,
			);
			name = Products;
			sourceTree = "<group>";
		};
		739DD53B258C770F0057A867 /* AsyncOperator */ = {
			isa = PBXGroup;
			children = (
				739DD544258C77210057A867 /* AwaitOperationQueue.swift */,
				739DD53C258C770F0057A867 /* AsyncOperator.h */,
				739DD53D258C770F0057A867 /* Info.plist */,
			);
			path = AsyncOperator;
			sourceTree = "<group>";
		};
		739DD551258C7F2B0057A867 /* Frameworks */ = {
			isa = PBXGroup;
			children = (
			);
			name = Frameworks;
			sourceTree = "<group>";
		};
		739DD55D258C80050057A867 /* Example */ = {
			isa = PBXGroup;
			children = (
				739DD55E258C80050057A867 /* AppDelegate.swift */,
				739DD560258C80050057A867 /* SceneDelegate.swift */,
				739DD562258C80050057A867 /* ViewController.swift */,
				739DD564258C80050057A867 /* Main.storyboard */,
				739DD567258C80060057A867 /* Assets.xcassets */,
				739DD569258C80060057A867 /* LaunchScreen.storyboard */,
				739DD56C258C80060057A867 /* Info.plist */,
			);
			path = Example;
			sourceTree = "<group>";
		};
/* End PBXGroup section */

/* Begin PBXHeadersBuildPhase section */
		739DD534258C770F0057A867 /* Headers */ = {
			isa = PBXHeadersBuildPhase;
			buildActionMask = 2147483647;
			files = (
				739DD53E258C770F0057A867 /* AsyncOperator.h in Headers */,
			);
			runOnlyForDeploymentPostprocessing = 0;
		};
/* End PBXHeadersBuildPhase section */

/* Begin PBXNativeTarget section */
		739DD538258C770F0057A867 /* AsyncOperator */ = {
			isa = PBXNativeTarget;
			buildConfigurationList = 739DD541258C770F0057A867 /* Build configuration list for PBXNativeTarget "AsyncOperator" */;
			buildPhases = (
				739DD534258C770F0057A867 /* Headers */,
				739DD535258C770F0057A867 /* Sources */,
				739DD536258C770F0057A867 /* Frameworks */,
				739DD537258C770F0057A867 /* Resources */,
			);
			buildRules = (
			);
			dependencies = (
			);
			name = AsyncOperator;
			productName = AsyncOperator;
			productReference = 739DD539258C770F0057A867 /* AsyncOperator.framework */;
			productType = "com.apple.product-type.framework";
		};
		739DD55B258C80040057A867 /* Example */ = {
			isa = PBXNativeTarget;
			buildConfigurationList = 739DD56D258C80060057A867 /* Build configuration list for PBXNativeTarget "Example" */;
			buildPhases = (
				739DD558258C80040057A867 /* Sources */,
				739DD559258C80040057A867 /* Frameworks */,
				739DD55A258C80040057A867 /* Resources */,
				739DD573258C981F0057A867 /* Embed Frameworks */,
			);
			buildRules = (
			);
			dependencies = (
			);
			name = Example;
			productName = Example;
			productReference = 739DD55C258C80040057A867 /* Example.app */;
			productType = "com.apple.product-type.application";
		};
/* End PBXNativeTarget section */

/* Begin PBXProject section */
		739DD530258C770F0057A867 /* Project object */ = {
			isa = PBXProject;
			attributes = {
				LastSwiftUpdateCheck = 1160;
				LastUpgradeCheck = 1160;
				ORGANIZATIONNAME = "Cao Phuoc Thanh";
				TargetAttributes = {
					739DD538258C770F0057A867 = {
						CreatedOnToolsVersion = 11.6;
						LastSwiftMigration = 1160;
					};
					739DD55B258C80040057A867 = {
						CreatedOnToolsVersion = 11.6;
					};
				};
			};
			buildConfigurationList = 739DD533258C770F0057A867 /* Build configuration list for PBXProject "AsyncOperator" */;
			compatibilityVersion = "Xcode 9.3";
			developmentRegion = en;
			hasScannedForEncodings = 0;
			knownRegions = (
				en,
				Base,
			);
			mainGroup = 739DD52F258C770F0057A867;
			productRefGroup = 739DD53A258C770F0057A867 /* Products */;
			projectDirPath = "";
			projectRoot = "";
			targets = (
				739DD538258C770F0057A867 /* AsyncOperator */,
				739DD55B258C80040057A867 /* Example */,
			);
		};
/* End PBXProject section */

/* Begin PBXResourcesBuildPhase section */
		739DD537258C770F0057A867 /* Resources */ = {
			isa = PBXResourcesBuildPhase;
			buildActionMask = 2147483647;
			files = (
			);
			runOnlyForDeploymentPostprocessing = 0;
		};
		739DD55A258C80040057A867 /* Resources */ = {
			isa = PBXResourcesBuildPhase;
			buildActionMask = 2147483647;
			files = (
				739DD56B258C80060057A867 /* LaunchScreen.storyboard in Resources */,
				739DD568258C80060057A867 /* Assets.xcassets in Resources */,
				739DD566258C80050057A867 /* Main.storyboard in Resources */,
			);
			runOnlyForDeploymentPostprocessing = 0;
		};
/* End PBXResourcesBuildPhase section */

/* Begin PBXSourcesBuildPhase section */
		739DD535258C770F0057A867 /* Sources */ = {
			isa = PBXSourcesBuildPhase;
			buildActionMask = 2147483647;
			files = (
				739DD545258C77210057A867 /* AwaitOperationQueue.swift in Sources */,
			);
			runOnlyForDeploymentPostprocessing = 0;
		};
		739DD558258C80040057A867 /* Sources */ = {
			isa = PBXSourcesBuildPhase;
			buildActionMask = 2147483647;
			files = (
				739DD563258C80050057A867 /* ViewController.swift in Sources */,
				739DD55F258C80050057A867 /* AppDelegate.swift in Sources */,
				739DD561258C80050057A867 /* SceneDelegate.swift in Sources */,
			);
			runOnlyForDeploymentPostprocessing = 0;
		};
/* End PBXSourcesBuildPhase section */

/* Begin PBXVariantGroup section */
		739DD564258C80050057A867 /* Main.storyboard */ = {
			isa = PBXVariantGroup;
			children = (
				739DD565258C80050057A867 /* Base */,
			);
			name = Main.storyboard;
			sourceTree = "<group>";
		};
		739DD569258C80060057A867 /* LaunchScreen.storyboard */ = {
			isa = PBXVariantGroup;
			children = (
				739DD56A258C80060057A867 /* Base */,
			);
			name = LaunchScreen.storyboard;
			sourceTree = "<group>";
		};
/* End PBXVariantGroup section */

/* Begin XCBuildConfiguration section */
		739DD53F258C770F0057A867 /* Debug */ = {
			isa = XCBuildConfiguration;
			buildSettings = {
				ALWAYS_SEARCH_USER_PATHS = NO;
				CLANG_ANALYZER_NONNULL = YES;
				CLANG_ANALYZER_NUMBER_OBJECT_CONVERSION = YES_AGGRESSIVE;
				CLANG_CXX_LANGUAGE_STANDARD = "gnu++14";
				CLANG_CXX_LIBRARY = "libc++";
				CLANG_ENABLE_MODULES = YES;
				CLANG_ENABLE_OBJC_ARC = YES;
				CLANG_ENABLE_OBJC_WEAK = YES;
				CLANG_WARN_BLOCK_CAPTURE_AUTORELEASING = YES;
				CLANG_WARN_BOOL_CONVERSION = YES;
				CLANG_WARN_COMMA = YES;
				CLANG_WARN_CONSTANT_CONVERSION = YES;
				CLANG_WARN_DEPRECATED_OBJC_IMPLEMENTATIONS = YES;
				CLANG_WARN_DIRECT_OBJC_ISA_USAGE = YES_ERROR;
				CLANG_WARN_DOCUMENTATION_COMMENTS = YES;
				CLANG_WARN_EMPTY_BODY = YES;
				CLANG_WARN_ENUM_CONVERSION = YES;
				CLANG_WARN_INFINITE_RECURSION = YES;
				CLANG_WARN_INT_CONVERSION = YES;
				CLANG_WARN_NON_LITERAL_NULL_CONVERSION = YES;
				CLANG_WARN_OBJC_IMPLICIT_RETAIN_SELF = YES;
				CLANG_WARN_OBJC_LITERAL_CONVERSION = YES;
				CLANG_WARN_OBJC_ROOT_CLASS = YES_ERROR;
				CLANG_WARN_RANGE_LOOP_ANALYSIS = YES;
				CLANG_WARN_STRICT_PROTOTYPES = YES;
				CLANG_WARN_SUSPICIOUS_MOVE = YES;
				CLANG_WARN_UNGUARDED_AVAILABILITY = YES_AGGRESSIVE;
				CLANG_WARN_UNREACHABLE_CODE = YES;
				CLANG_WARN__DUPLICATE_METHOD_MATCH = YES;
				COPY_PHASE_STRIP = NO;
				CURRENT_PROJECT_VERSION = 1;
				DEBUG_INFORMATION_FORMAT = dwarf;
				ENABLE_STRICT_OBJC_MSGSEND = YES;
				ENABLE_TESTABILITY = YES;
				GCC_C_LANGUAGE_STANDARD = gnu11;
				GCC_DYNAMIC_NO_PIC = NO;
				GCC_NO_COMMON_BLOCKS = YES;
				GCC_OPTIMIZATION_LEVEL = 0;
				GCC_PREPROCESSOR_DEFINITIONS = (
					"DEBUG=1",
					"$(inherited)",
				);
				GCC_WARN_64_TO_32_BIT_CONVERSION = YES;
				GCC_WARN_ABOUT_RETURN_TYPE = YES_ERROR;
				GCC_WARN_UNDECLARED_SELECTOR = YES;
				GCC_WARN_UNINITIALIZED_AUTOS = YES_AGGRESSIVE;
				GCC_WARN_UNUSED_FUNCTION = YES;
				GCC_WARN_UNUSED_VARIABLE = YES;
				IPHONEOS_DEPLOYMENT_TARGET = 13.3;
				MTL_ENABLE_DEBUG_INFO = INCLUDE_SOURCE;
				MTL_FAST_MATH = YES;
				ONLY_ACTIVE_ARCH = YES;
				SDKROOT = iphoneos;
				SWIFT_ACTIVE_COMPILATION_CONDITIONS = DEBUG;
				SWIFT_OPTIMIZATION_LEVEL = "-Onone";
				VERSIONING_SYSTEM = "apple-generic";
				VERSION_INFO_PREFIX = "";
			};
			name = Debug;
		};
		739DD540258C770F0057A867 /* Release */ = {
			isa = XCBuildConfiguration;
			buildSettings = {
				ALWAYS_SEARCH_USER_PATHS = NO;
				CLANG_ANALYZER_NONNULL = YES;
				CLANG_ANALYZER_NUMBER_OBJECT_CONVERSION = YES_AGGRESSIVE;
				CLANG_CXX_LANGUAGE_STANDARD = "gnu++14";
				CLANG_CXX_LIBRARY = "libc++";
				CLANG_ENABLE_MODULES = YES;
				CLANG_ENABLE_OBJC_ARC = YES;
				CLANG_ENABLE_OBJC_WEAK = YES;
				CLANG_WARN_BLOCK_CAPTURE_AUTORELEASING = YES;
				CLANG_WARN_BOOL_CONVERSION = YES;
				CLANG_WARN_COMMA = YES;
				CLANG_WARN_CONSTANT_CONVERSION = YES;
				CLANG_WARN_DEPRECATED_OBJC_IMPLEMENTATIONS = YES;
				CLANG_WARN_DIRECT_OBJC_ISA_USAGE = YES_ERROR;
				CLANG_WARN_DOCUMENTATION_COMMENTS = YES;
				CLANG_WARN_EMPTY_BODY = YES;
				CLANG_WARN_ENUM_CONVERSION = YES;
				CLANG_WARN_INFINITE_RECURSION = YES;
				CLANG_WARN_INT_CONVERSION = YES;
				CLANG_WARN_NON_LITERAL_NULL_CONVERSION = YES;
				CLANG_WARN_OBJC_IMPLICIT_RETAIN_SELF = YES;
				CLANG_WARN_OBJC_LITERAL_CONVERSION = YES;
				CLANG_WARN_OBJC_ROOT_CLASS = YES_ERROR;
				CLANG_WARN_RANGE_LOOP_ANALYSIS = YES;
				CLANG_WARN_STRICT_PROTOTYPES = YES;
				CLANG_WARN_SUSPICIOUS_MOVE = YES;
				CLANG_WARN_UNGUARDED_AVAILABILITY = YES_AGGRESSIVE;
				CLANG_WARN_UNREACHABLE_CODE = YES;
				CLANG_WARN__DUPLICATE_METHOD_MATCH = YES;
				COPY_PHASE_STRIP = NO;
				CURRENT_PROJECT_VERSION = 1;
				DEBUG_INFORMATION_FORMAT = "dwarf-with-dsym";
				ENABLE_NS_ASSERTIONS = NO;
				ENABLE_STRICT_OBJC_MSGSEND = YES;
				GCC_C_LANGUAGE_STANDARD = gnu11;
				GCC_NO_COMMON_BLOCKS = YES;
				GCC_WARN_64_TO_32_BIT_CONVERSION = YES;
				GCC_WARN_ABOUT_RETURN_TYPE = YES_ERROR;
				GCC_WARN_UNDECLARED_SELECTOR = YES;
				GCC_WARN_UNINITIALIZED_AUTOS = YES_AGGRESSIVE;
				GCC_WARN_UNUSED_FUNCTION = YES;
				GCC_WARN_UNUSED_VARIABLE = YES;
				IPHONEOS_DEPLOYMENT_TARGET = 13.3;
				MTL_ENABLE_DEBUG_INFO = NO;
				MTL_FAST_MATH = YES;
				SDKROOT = iphoneos;
				SWIFT_COMPILATION_MODE = wholemodule;
				SWIFT_OPTIMIZATION_LEVEL = "-O";
				VALIDATE_PRODUCT = YES;
				VERSIONING_SYSTEM = "apple-generic";
				VERSION_INFO_PREFIX = "";
			};
			name = Release;
		};
		739DD542258C770F0057A867 /* Debug */ = {
			isa = XCBuildConfiguration;
			buildSettings = {
				CLANG_ENABLE_MODULES = YES;
				CODE_SIGN_STYLE = Automatic;
				DEFINES_MODULE = YES;
				DEVELOPMENT_TEAM = 8AYMHH2W3E;
				DYLIB_COMPATIBILITY_VERSION = 1;
				DYLIB_CURRENT_VERSION = 1;
				DYLIB_INSTALL_NAME_BASE = "@rpath";
				INFOPLIST_FILE = AsyncOperator/Info.plist;
				INSTALL_PATH = "$(LOCAL_LIBRARY_DIR)/Frameworks";
				IPHONEOS_DEPLOYMENT_TARGET = 10.0;
				LD_RUNPATH_SEARCH_PATHS = (
					"$(inherited)",
					"@executable_path/Frameworks",
					"@loader_path/Frameworks",
				);
				PRODUCT_BUNDLE_IDENTIFIER = com.caophuocthanh.AsyncOperator;
				PRODUCT_NAME = "$(TARGET_NAME:c99extidentifier)";
				SKIP_INSTALL = YES;
				SWIFT_OPTIMIZATION_LEVEL = "-Onone";
				SWIFT_VERSION = 5.0;
				TARGETED_DEVICE_FAMILY = "1,2";
			};
			name = Debug;
		};
		739DD543258C770F0057A867 /* Release */ = {
			isa = XCBuildConfiguration;
			buildSettings = {
				CLANG_ENABLE_MODULES = YES;
				CODE_SIGN_STYLE = Automatic;
				DEFINES_MODULE = YES;
				DEVELOPMENT_TEAM = 8AYMHH2W3E;
				DYLIB_COMPATIBILITY_VERSION = 1;
				DYLIB_CURRENT_VERSION = 1;
				DYLIB_INSTALL_NAME_BASE = "@rpath";
				INFOPLIST_FILE = AsyncOperator/Info.plist;
				INSTALL_PATH = "$(LOCAL_LIBRARY_DIR)/Frameworks";
				IPHONEOS_DEPLOYMENT_TARGET = 10.0;
				LD_RUNPATH_SEARCH_PATHS = (
					"$(inherited)",
					"@executable_path/Frameworks",
					"@loader_path/Frameworks",
				);
				PRODUCT_BUNDLE_IDENTIFIER = com.caophuocthanh.AsyncOperator;
				PRODUCT_NAME = "$(TARGET_NAME:c99extidentifier)";
				SKIP_INSTALL = YES;
				SWIFT_VERSION = 5.0;
				TARGETED_DEVICE_FAMILY = "1,2";
			};
			name = Release;
		};
		739DD56E258C80060057A867 /* Debug */ = {
			isa = XCBuildConfiguration;
			buildSettings = {
				ASSETCATALOG_COMPILER_APPICON_NAME = AppIcon;
				CODE_SIGN_STYLE = Automatic;
				DEVELOPMENT_TEAM = 8AYMHH2W3E;
				INFOPLIST_FILE = Example/Info.plist;
				LD_RUNPATH_SEARCH_PATHS = (
					"$(inherited)",
					"@executable_path/Frameworks",
				);
				PRODUCT_BUNDLE_IDENTIFIER = com.caophuocthanh.Example;
				PRODUCT_NAME = "$(TARGET_NAME)";
				SWIFT_VERSION = 5.0;
				TARGETED_DEVICE_FAMILY = "1,2";
			};
			name = Debug;
		};
		739DD56F258C80060057A867 /* Release */ = {
			isa = XCBuildConfiguration;
			buildSettings = {
				ASSETCATALOG_COMPILER_APPICON_NAME = AppIcon;
				CODE_SIGN_STYLE = Automatic;
				DEVELOPMENT_TEAM = 8AYMHH2W3E;
				INFOPLIST_FILE = Example/Info.plist;
				LD_RUNPATH_SEARCH_PATHS = (
					"$(inherited)",
					"@executable_path/Frameworks",
				);
				PRODUCT_BUNDLE_IDENTIFIER = com.caophuocthanh.Example;
				PRODUCT_NAME = "$(TARGET_NAME)";
				SWIFT_VERSION = 5.0;
				TARGETED_DEVICE_FAMILY = "1,2";
			};
			name = Release;
		};
/* End XCBuildConfiguration section */

/* Begin XCConfigurationList section */
		739DD533258C770F0057A867 /* Build configuration list for PBXProject "AsyncOperator" */ = {
			isa = XCConfigurationList;
			buildConfigurations = (
				739DD53F258C770F0057A867 /* Debug */,
				739DD540258C770F0057A867 /* Release */,
			);
			defaultConfigurationIsVisible = 0;
			defaultConfigurationName = Release;
		};
		739DD541258C770F0057A867 /* Build configuration list for PBXNativeTarget "AsyncOperator" */ = {
			isa = XCConfigurationList;
			buildConfigurations = (
				739DD542258C770F0057A867 /* Debug */,
				739DD543258C770F0057A867 /* Release */,
			);
			defaultConfigurationIsVisible = 0;
			defaultConfigurationName = Release;
		};
		739DD56D258C80060057A867 /* Build configuration list for PBXNativeTarget "Example" */ = {
			isa = XCConfigurationList;
			buildConfigurations = (
				739DD56E258C80060057A867 /* Debug */,
				739DD56F258C80060057A867 /* Release */,
			);
			defaultConfigurationIsVisible = 0;
			defaultConfigurationName = Release;
		};
/* End XCConfigurationList section */
	};
	rootObject = 739DD530258C770F0057A867 /* Project object */;
}
